
Microsoft Visual Studio Solution File, Format Version 12.00
Project("{2150E333-8FDC-42A3-9474-1A3956D46DE8}") = "src", "src", "{259F04C4-C4A8-423D-8599-2A04BE51584F}"
EndProject
Project("{2150E333-8FDC-42A3-9474-1A3956D46DE8}") = "tests", "tests", "{095C38E8-96C8-431F-ACDB-504C212D18E8}"
EndProject
Project("{FAE04EC0-301F-11D3-BF4B-00C04F79EFBC}") = "Locksmith.NET", "src\Locksmith.NET.csproj", "{7E421EB1-58D6-424E-A7A2-DAB5410A0018}"
EndProject
Project("{2150E333-8FDC-42A3-9474-1A3956D46DE8}") = "example", "example", "{366A0DAC-2B73-4601-B83C-02AD032D9F7F}"
EndProject
Project("{2150E333-8FDC-42A3-9474-1A3956D46DE8}") = "sln items", "sln items", "{FCD4F9AF-D108-4F94-84D9-990E1122E1F2}"
	ProjectSection(SolutionItems) = preProject
		LICENSE = LICENSE
		Dockerfile = Dockerfile
		global.json = global.json
		.devcontainer\devcontainer.json = .devcontainer\devcontainer.json
		Directory.Build.props = Directory.Build.props
		stylecop.json = stylecop.json
		.editorconfig = .editorconfig
	EndProjectSection
EndProject
Project("{FAE04EC0-301F-11D3-BF4B-00C04F79EFBC}") = "Locksmith.NET.UnitTests", "tests\Locksmith.NET.UnitTests.csproj", "{8983FBAF-9250-4BD6-ACCD-74E480B90D92}"
EndProject
Project("{2150E333-8FDC-42A3-9474-1A3956D46DE8}") = "Azure", "Azure", "{77F45294-196B-407C-AB67-D888DE06A33A}"
EndProject
Project("{FAE04EC0-301F-11D3-BF4B-00C04F79EFBC}") = "Locksmith.NET.Example.AzureFunction", "example-Azure\Locksmith.NET.Example.AzureFunction.csproj", "{941EDC00-DF0B-4855-A7DA-C7F67A9B2A13}"
EndProject
Global
	GlobalSection(SolutionConfigurationPlatforms) = preSolution
		Debug|Any CPU = Debug|Any CPU
		Release|Any CPU = Release|Any CPU
	EndGlobalSection
	GlobalSection(ProjectConfigurationPlatforms) = postSolution
		{7E421EB1-58D6-424E-A7A2-DAB5410A0018}.Debug|Any CPU.ActiveCfg = Debug|Any CPU
		{7E421EB1-58D6-424E-A7A2-DAB5410A0018}.Debug|Any CPU.Build.0 = Debug|Any CPU
		{7E421EB1-58D6-424E-A7A2-DAB5410A0018}.Release|Any CPU.ActiveCfg = Release|Any CPU
		{7E421EB1-58D6-424E-A7A2-DAB5410A0018}.Release|Any CPU.Build.0 = Release|Any CPU
		{8983FBAF-9250-4BD6-ACCD-74E480B90D92}.Debug|Any CPU.ActiveCfg = Debug|Any CPU
		{8983FBAF-9250-4BD6-ACCD-74E480B90D92}.Debug|Any CPU.Build.0 = Debug|Any CPU
		{8983FBAF-9250-4BD6-ACCD-74E480B90D92}.Release|Any CPU.ActiveCfg = Release|Any CPU
		{8983FBAF-9250-4BD6-ACCD-74E480B90D92}.Release|Any CPU.Build.0 = Release|Any CPU
		{941EDC00-DF0B-4855-A7DA-C7F67A9B2A13}.Debug|Any CPU.ActiveCfg = Debug|Any CPU
		{941EDC00-DF0B-4855-A7DA-C7F67A9B2A13}.Debug|Any CPU.Build.0 = Debug|Any CPU
		{941EDC00-DF0B-4855-A7DA-C7F67A9B2A13}.Release|Any CPU.ActiveCfg = Release|Any CPU
		{941EDC00-DF0B-4855-A7DA-C7F67A9B2A13}.Release|Any CPU.Build.0 = Release|Any CPU
	EndGlobalSection
	GlobalSection(NestedProjects) = preSolution
		{7E421EB1-58D6-424E-A7A2-DAB5410A0018} = {259F04C4-C4A8-423D-8599-2A04BE51584F}
		{8983FBAF-9250-4BD6-ACCD-74E480B90D92} = {095C38E8-96C8-431F-ACDB-504C212D18E8}
		{77F45294-196B-407C-AB67-D888DE06A33A} = {366A0DAC-2B73-4601-B83C-02AD032D9F7F}
		{941EDC00-DF0B-4855-A7DA-C7F67A9B2A13} = {77F45294-196B-407C-AB67-D888DE06A33A}
	EndGlobalSection
EndGlobal
